
Microsoft Visual Studio Solution File, Format Version 12.00
# Visual Studio Version 17
VisualStudioVersion = 17.11.35303.130
MinimumVisualStudioVersion = 10.0.40219.1
Project("{2150E333-8FDC-42A3-9474-1A3956D46DE8}") = "Task0", "Task0", "{1C649FF8-C220-41CB-A695-BE9CB7C06017}"
EndProject
Project("{9A19103F-16F7-4668-BE54-9A1E7A4F7556}") = "Tyuiu.ChelolyanAE.Sprint0.Task0.V0.", "Tyuiu.ChelolyanAE.Sprint0.Task0.V0\Tyuiu.ChelolyanAE.Sprint0.Task0.V0..csproj", "{E481F6FC-830A-4823-B222-53FA2CB1D8DA}"
EndProject
Project("{2150E333-8FDC-42A3-9474-1A3956D46DE8}") = "Task1", "Task1", "{3C77E1C9-1D98-48B3-82FF-99F1E6CF3D60}"
EndProject
Project("{9A19103F-16F7-4668-BE54-9A1E7A4F7556}") = "Tyuiu.ChelolyanAE.Sprint0.Task1.V0.", "Tyuiu.ChelolyanAE.Sprint0.Task1.V0\Tyuiu.ChelolyanAE.Sprint0.Task1.V0..csproj", "{E55CB34C-C2CD-45FC-BD58-E9073939D07F}"
EndProject
Project("{2150E333-8FDC-42A3-9474-1A3956D46DE8}") = "Task2", "Task2", "{235EB194-D7D0-43D8-A568-D4CC1B24D440}"
EndProject
Project("{9A19103F-16F7-4668-BE54-9A1E7A4F7556}") = "Tyuiu.ChelolyanAE.Sprint0.Task2.V0", "Tyuiu.ChelolyanAE.Sprint0.Task2.V0\Tyuiu.ChelolyanAE.Sprint0.Task2.V0.csproj", "{9993D558-CC3A-4AE3-B1C7-A4D897651F7D}"
EndProject
Project("{9A19103F-16F7-4668-BE54-9A1E7A4F7556}") = "Tyuiu.ChelolyanAE.Sprint0.Task2.V0.Test", "Tyuiu.ChelolyanAE.Sprint0.Task2.V0.Test\Tyuiu.ChelolyanAE.Sprint0.Task2.V0.Test.csproj", "{1B840971-C1FD-491C-9D66-FFE31257F9F2}"
EndProject
Project("{9A19103F-16F7-4668-BE54-9A1E7A4F7556}") = "Tyuiu.ChelolyanAE.Sprint0.Task2.V0.Lib", "Tyuiu.ChelolyanAE.Sprint0.Task2.V0.Lib\Tyuiu.ChelolyanAE.Sprint0.Task2.V0.Lib.csproj", "{E5FF1361-ADD4-407D-B2E8-05503412C57B}"
EndProject
Project("{2150E333-8FDC-42A3-9474-1A3956D46DE8}") = "Task3", "Task3", "{30DD758F-509A-45E4-9248-04E5B75A4FCC}"
EndProject
Project("{9A19103F-16F7-4668-BE54-9A1E7A4F7556}") = "Tyuiu.ChelolyanAE.Sprint0.Task3.V0", "Tyuiu.ChelolyanAE.Sprint0.Task3.V0\Tyuiu.ChelolyanAE.Sprint0.Task3.V0.csproj", "{8127655A-620D-4C4B-A8A0-6D5B4CDDF08D}"
EndProject
Project("{9A19103F-16F7-4668-BE54-9A1E7A4F7556}") = "Tyuiu.ChelolyanAE.Sprint0.Task3.V0.Lib", "Tyuiu.ChelolyanAE.Sprint0.Task3.V0.Lib\Tyuiu.ChelolyanAE.Sprint0.Task3.V0.Lib.csproj", "{0C965C27-1017-4887-9EEC-8E69CEA5FC9E}"
EndProject
Project("{9A19103F-16F7-4668-BE54-9A1E7A4F7556}") = "Tyuiu.ChelolyanAE.Sprint0.Task3.V0.Test", "Tyuiu.ChelolyanAE.Sprint0.Task3.V0.Test\Tyuiu.ChelolyanAE.Sprint0.Task3.V0.Test.csproj", "{6648FC8B-727D-47B5-B4DF-358C8B805A49}"
EndProject
Project("{2150E333-8FDC-42A3-9474-1A3956D46DE8}") = "Task4", "Task4", "{1899709A-6AF5-4604-BA79-E58A5C56A7CC}"
EndProject
Project("{9A19103F-16F7-4668-BE54-9A1E7A4F7556}") = "Tyuiu.ChelolyanAE.Sprint0.Task4.V0", "Tyuiu.ChelolyanAE.Sprint0.Task4.V0\Tyuiu.ChelolyanAE.Sprint0.Task4.V0.csproj", "{56FCFBEC-3AC4-4F52-A5CC-0C35B75D24FA}"
EndProject
Project("{9A19103F-16F7-4668-BE54-9A1E7A4F7556}") = "Tyuiu.ChelolyanAE.Sprint0.Task4.V0.Lib", "Tyuiu.ChelolyanAE.Sprint0.Task4.V0.Lib\Tyuiu.ChelolyanAE.Sprint0.Task4.V0.Lib.csproj", "{197CF373-4207-43BB-B5C4-743CE950383B}"
EndProject
Project("{9A19103F-16F7-4668-BE54-9A1E7A4F7556}") = "Tyuiu.ChelolyanAE.Sprint0.Task4.V0.Test", "Tyuiu.ChelolyanAE.Sprint0.Task4.V0.Test\Tyuiu.ChelolyanAE.Sprint0.Task4.V0.Test.csproj", "{64117206-0A72-4F3E-B5B7-AEB74EC9F49B}"
EndProject
Project("{2150E333-8FDC-42A3-9474-1A3956D46DE8}") = "Task5", "Task5", "{BCBE1DDE-69E3-48C8-BAA8-5F144DC50F3C}"
EndProject
Project("{FAE04EC0-301F-11D3-BF4B-00C04F79EFBC}") = "Tyuiu.ChelolyanAE.Sprint0.Task5.V0", "Tyuiu.ChelolyanAE.Sprint0.Task5.V0\Tyuiu.ChelolyanAE.Sprint0.Task5.V0.csproj", "{A28DFF9A-918D-44C0-A0FC-F0362BB03013}"
EndProject
Project("{FAE04EC0-301F-11D3-BF4B-00C04F79EFBC}") = "Tyuiu.ChelolyanAE.Sprint0.Task5.V0.Lib", "Tyuiu.ChelolyanAE.Sprint0.Task5.V0.Lib\Tyuiu.ChelolyanAE.Sprint0.Task5.V0.Lib.csproj", "{72DCE8EC-6614-4646-B8E0-87290299E7F7}"
EndProject
Project("{FAE04EC0-301F-11D3-BF4B-00C04F79EFBC}") = "Tyuiu.ChelolyanAE.Sprint0.Task5.V0.Test", "Tyuiu.ChelolyanAE.Sprint0.Task5.V0.Test\Tyuiu.ChelolyanAE.Sprint0.Task5.V0.Test.csproj", "{CC85AC3D-6ADB-4163-A9C2-04F673F6EE1D}"
EndProject
Global
	GlobalSection(SolutionConfigurationPlatforms) = preSolution
		Debug|Any CPU = Debug|Any CPU
		Release|Any CPU = Release|Any CPU
	EndGlobalSection
	GlobalSection(ProjectConfigurationPlatforms) = postSolution
		{E481F6FC-830A-4823-B222-53FA2CB1D8DA}.Debug|Any CPU.ActiveCfg = Debug|Any CPU
		{E481F6FC-830A-4823-B222-53FA2CB1D8DA}.Debug|Any CPU.Build.0 = Debug|Any CPU
		{E481F6FC-830A-4823-B222-53FA2CB1D8DA}.Release|Any CPU.ActiveCfg = Release|Any CPU
		{E481F6FC-830A-4823-B222-53FA2CB1D8DA}.Release|Any CPU.Build.0 = Release|Any CPU
		{E55CB34C-C2CD-45FC-BD58-E9073939D07F}.Debug|Any CPU.ActiveCfg = Debug|Any CPU
		{E55CB34C-C2CD-45FC-BD58-E9073939D07F}.Debug|Any CPU.Build.0 = Debug|Any CPU
		{E55CB34C-C2CD-45FC-BD58-E9073939D07F}.Release|Any CPU.ActiveCfg = Release|Any CPU
		{E55CB34C-C2CD-45FC-BD58-E9073939D07F}.Release|Any CPU.Build.0 = Release|Any CPU
		{9993D558-CC3A-4AE3-B1C7-A4D897651F7D}.Debug|Any CPU.ActiveCfg = Debug|Any CPU
		{9993D558-CC3A-4AE3-B1C7-A4D897651F7D}.Debug|Any CPU.Build.0 = Debug|Any CPU
		{9993D558-CC3A-4AE3-B1C7-A4D897651F7D}.Release|Any CPU.ActiveCfg = Release|Any CPU
		{9993D558-CC3A-4AE3-B1C7-A4D897651F7D}.Release|Any CPU.Build.0 = Release|Any CPU
		{1B840971-C1FD-491C-9D66-FFE31257F9F2}.Debug|Any CPU.ActiveCfg = Debug|Any CPU
		{1B840971-C1FD-491C-9D66-FFE31257F9F2}.Debug|Any CPU.Build.0 = Debug|Any CPU
		{1B840971-C1FD-491C-9D66-FFE31257F9F2}.Release|Any CPU.ActiveCfg = Release|Any CPU
		{1B840971-C1FD-491C-9D66-FFE31257F9F2}.Release|Any CPU.Build.0 = Release|Any CPU
		{E5FF1361-ADD4-407D-B2E8-05503412C57B}.Debug|Any CPU.ActiveCfg = Debug|Any CPU
		{E5FF1361-ADD4-407D-B2E8-05503412C57B}.Debug|Any CPU.Build.0 = Debug|Any CPU
		{E5FF1361-ADD4-407D-B2E8-05503412C57B}.Release|Any CPU.ActiveCfg = Release|Any CPU
		{E5FF1361-ADD4-407D-B2E8-05503412C57B}.Release|Any CPU.Build.0 = Release|Any CPU
		{8127655A-620D-4C4B-A8A0-6D5B4CDDF08D}.Debug|Any CPU.ActiveCfg = Debug|Any CPU
		{8127655A-620D-4C4B-A8A0-6D5B4CDDF08D}.Debug|Any CPU.Build.0 = Debug|Any CPU
		{8127655A-620D-4C4B-A8A0-6D5B4CDDF08D}.Release|Any CPU.ActiveCfg = Release|Any CPU
		{8127655A-620D-4C4B-A8A0-6D5B4CDDF08D}.Release|Any CPU.Build.0 = Release|Any CPU
		{0C965C27-1017-4887-9EEC-8E69CEA5FC9E}.Debug|Any CPU.ActiveCfg = Debug|Any CPU
		{0C965C27-1017-4887-9EEC-8E69CEA5FC9E}.Debug|Any CPU.Build.0 = Debug|Any CPU
		{0C965C27-1017-4887-9EEC-8E69CEA5FC9E}.Release|Any CPU.ActiveCfg = Release|Any CPU
		{0C965C27-1017-4887-9EEC-8E69CEA5FC9E}.Release|Any CPU.Build.0 = Release|Any CPU
		{6648FC8B-727D-47B5-B4DF-358C8B805A49}.Debug|Any CPU.ActiveCfg = Debug|Any CPU
		{6648FC8B-727D-47B5-B4DF-358C8B805A49}.Debug|Any CPU.Build.0 = Debug|Any CPU
		{6648FC8B-727D-47B5-B4DF-358C8B805A49}.Release|Any CPU.ActiveCfg = Release|Any CPU
		{6648FC8B-727D-47B5-B4DF-358C8B805A49}.Release|Any CPU.Build.0 = Release|Any CPU
		{56FCFBEC-3AC4-4F52-A5CC-0C35B75D24FA}.Debug|Any CPU.ActiveCfg = Debug|Any CPU
		{56FCFBEC-3AC4-4F52-A5CC-0C35B75D24FA}.Debug|Any CPU.Build.0 = Debug|Any CPU
		{56FCFBEC-3AC4-4F52-A5CC-0C35B75D24FA}.Release|Any CPU.ActiveCfg = Release|Any CPU
		{56FCFBEC-3AC4-4F52-A5CC-0C35B75D24FA}.Release|Any CPU.Build.0 = Release|Any CPU
		{197CF373-4207-43BB-B5C4-743CE950383B}.Debug|Any CPU.ActiveCfg = Debug|Any CPU
		{197CF373-4207-43BB-B5C4-743CE950383B}.Debug|Any CPU.Build.0 = Debug|Any CPU
		{197CF373-4207-43BB-B5C4-743CE950383B}.Release|Any CPU.ActiveCfg = Release|Any CPU
		{197CF373-4207-43BB-B5C4-743CE950383B}.Release|Any CPU.Build.0 = Release|Any CPU
		{64117206-0A72-4F3E-B5B7-AEB74EC9F49B}.Debug|Any CPU.ActiveCfg = Debug|Any CPU
		{64117206-0A72-4F3E-B5B7-AEB74EC9F49B}.Debug|Any CPU.Build.0 = Debug|Any CPU
		{64117206-0A72-4F3E-B5B7-AEB74EC9F49B}.Release|Any CPU.ActiveCfg = Release|Any CPU
		{64117206-0A72-4F3E-B5B7-AEB74EC9F49B}.Release|Any CPU.Build.0 = Release|Any CPU
		{A28DFF9A-918D-44C0-A0FC-F0362BB03013}.Debug|Any CPU.ActiveCfg = Debug|Any CPU
		{A28DFF9A-918D-44C0-A0FC-F0362BB03013}.Debug|Any CPU.Build.0 = Debug|Any CPU
		{A28DFF9A-918D-44C0-A0FC-F0362BB03013}.Release|Any CPU.ActiveCfg = Release|Any CPU
		{A28DFF9A-918D-44C0-A0FC-F0362BB03013}.Release|Any CPU.Build.0 = Release|Any CPU
		{72DCE8EC-6614-4646-B8E0-87290299E7F7}.Debug|Any CPU.ActiveCfg = Debug|Any CPU
		{72DCE8EC-6614-4646-B8E0-87290299E7F7}.Debug|Any CPU.Build.0 = Debug|Any CPU
		{72DCE8EC-6614-4646-B8E0-87290299E7F7}.Release|Any CPU.ActiveCfg = Release|Any CPU
		{72DCE8EC-6614-4646-B8E0-87290299E7F7}.Release|Any CPU.Build.0 = Release|Any CPU
		{CC85AC3D-6ADB-4163-A9C2-04F673F6EE1D}.Debug|Any CPU.ActiveCfg = Debug|Any CPU
		{CC85AC3D-6ADB-4163-A9C2-04F673F6EE1D}.Debug|Any CPU.Build.0 = Debug|Any CPU
		{CC85AC3D-6ADB-4163-A9C2-04F673F6EE1D}.Release|Any CPU.ActiveCfg = Release|Any CPU
		{CC85AC3D-6ADB-4163-A9C2-04F673F6EE1D}.Release|Any CPU.Build.0 = Release|Any CPU
	EndGlobalSection
	GlobalSection(SolutionProperties) = preSolution
		HideSolutionNode = FALSE
	EndGlobalSection
	GlobalSection(NestedProjects) = preSolution
		{E481F6FC-830A-4823-B222-53FA2CB1D8DA} = {1C649FF8-C220-41CB-A695-BE9CB7C06017}
		{E55CB34C-C2CD-45FC-BD58-E9073939D07F} = {3C77E1C9-1D98-48B3-82FF-99F1E6CF3D60}
		{9993D558-CC3A-4AE3-B1C7-A4D897651F7D} = {235EB194-D7D0-43D8-A568-D4CC1B24D440}
		{1B840971-C1FD-491C-9D66-FFE31257F9F2} = {235EB194-D7D0-43D8-A568-D4CC1B24D440}
		{E5FF1361-ADD4-407D-B2E8-05503412C57B} = {235EB194-D7D0-43D8-A568-D4CC1B24D440}
		{8127655A-620D-4C4B-A8A0-6D5B4CDDF08D} = {30DD758F-509A-45E4-9248-04E5B75A4FCC}
		{0C965C27-1017-4887-9EEC-8E69CEA5FC9E} = {30DD758F-509A-45E4-9248-04E5B75A4FCC}
		{6648FC8B-727D-47B5-B4DF-358C8B805A49} = {30DD758F-509A-45E4-9248-04E5B75A4FCC}
		{56FCFBEC-3AC4-4F52-A5CC-0C35B75D24FA} = {1899709A-6AF5-4604-BA79-E58A5C56A7CC}
		{197CF373-4207-43BB-B5C4-743CE950383B} = {1899709A-6AF5-4604-BA79-E58A5C56A7CC}
		{64117206-0A72-4F3E-B5B7-AEB74EC9F49B} = {1899709A-6AF5-4604-BA79-E58A5C56A7CC}
		{A28DFF9A-918D-44C0-A0FC-F0362BB03013} = {BCBE1DDE-69E3-48C8-BAA8-5F144DC50F3C}
		{72DCE8EC-6614-4646-B8E0-87290299E7F7} = {BCBE1DDE-69E3-48C8-BAA8-5F144DC50F3C}
		{CC85AC3D-6ADB-4163-A9C2-04F673F6EE1D} = {BCBE1DDE-69E3-48C8-BAA8-5F144DC50F3C}
	EndGlobalSection
	GlobalSection(ExtensibilityGlobals) = postSolution
		SolutionGuid = {2C6D4BC7-984C-47B2-8C94-FA0DA4EA5287}
	EndGlobalSection
EndGlobal
